
Microsoft Visual Studio Solution File, Format Version 12.00
# Visual Studio 15
VisualStudioVersion = 15.0.27428.2037
MinimumVisualStudioVersion = 10.0.40219.1
Project("{FAE04EC0-301F-11D3-BF4B-00C04F79EFBC}") = "CLR21Example", "CLR21Example\CLR21Example.csproj", "{B4DD4EE3-0E65-4189-8A0E-6462D85C6E56}"
EndProject
Project("{E53339B2-1760-4266-BCC7-CA923CBCF16C}") = "docker-compose", "docker-compose.dcproj", "{62109B97-86F9-49DD-B546-C707F2012149}"
EndProject
Global
	GlobalSection(SolutionConfigurationPlatforms) = preSolution
		Debug|Any CPU = Debug|Any CPU
		Release|Any CPU = Release|Any CPU
	EndGlobalSection
	GlobalSection(ProjectConfigurationPlatforms) = postSolution
		{B4DD4EE3-0E65-4189-8A0E-6462D85C6E56}.Debug|Any CPU.ActiveCfg = Debug|Any CPU
		{B4DD4EE3-0E65-4189-8A0E-6462D85C6E56}.Debug|Any CPU.Build.0 = Debug|Any CPU
		{B4DD4EE3-0E65-4189-8A0E-6462D85C6E56}.Release|Any CPU.ActiveCfg = Release|Any CPU
		{B4DD4EE3-0E65-4189-8A0E-6462D85C6E56}.Release|Any CPU.Build.0 = Release|Any CPU
		{62109B97-86F9-49DD-B546-C707F2012149}.Debug|Any CPU.ActiveCfg = Debug|Any CPU
		{62109B97-86F9-49DD-B546-C707F2012149}.Debug|Any CPU.Build.0 = Debug|Any CPU
		{62109B97-86F9-49DD-B546-C707F2012149}.Release|Any CPU.ActiveCfg = Release|Any CPU
		{62109B97-86F9-49DD-B546-C707F2012149}.Release|Any CPU.Build.0 = Release|Any CPU
	EndGlobalSection
	GlobalSection(SolutionProperties) = preSolution
		HideSolutionNode = FALSE
	EndGlobalSection
	GlobalSection(ExtensibilityGlobals) = postSolution
		SolutionGuid = {1000F9A3-3857-4AA8-8D1E-5DDC84114250}
	EndGlobalSection
EndGlobal
